
Microsoft Visual Studio Solution File, Format Version 12.00
# Visual Studio Version 17
VisualStudioVersion = 17.10.34804.81
MinimumVisualStudioVersion = 10.0.40219.1
Project("{FAE04EC0-301F-11D3-BF4B-00C04F79EFBC}") = "Assessments", "Assessments\Assessments.csproj", "{23B5C90E-5C56-4DF0-A152-36FC1B2BF06F}"
EndProject
Global
	GlobalSection(SolutionConfigurationPlatforms) = preSolution
		Debug|Any CPU = Debug|Any CPU
		Release|Any CPU = Release|Any CPU
	EndGlobalSection
	GlobalSection(ProjectConfigurationPlatforms) = postSolution
		{23B5C90E-5C56-4DF0-A152-36FC1B2BF06F}.Debug|Any CPU.ActiveCfg = Debug|Any CPU
		{23B5C90E-5C56-4DF0-A152-36FC1B2BF06F}.Debug|Any CPU.Build.0 = Debug|Any CPU
		{23B5C90E-5C56-4DF0-A152-36FC1B2BF06F}.Release|Any CPU.ActiveCfg = Release|Any CPU
		{23B5C90E-5C56-4DF0-A152-36FC1B2BF06F}.Release|Any CPU.Build.0 = Release|Any CPU
	EndGlobalSection
	GlobalSection(SolutionProperties) = preSolution
		HideSolutionNode = FALSE
	EndGlobalSection
	GlobalSection(ExtensibilityGlobals) = postSolution
		SolutionGuid = {11DFD35F-48FA-4F75-A4B2-95A370737343}
	EndGlobalSection
EndGlobal
